github.com/fortytw2/httpz v0.0.0-20220208174147-7f1261d09acf h1:GxvsrkQS4NZQkv+NqJ2oQ0vHQSuocdJcmPAZZHaawLo=
github.com/fortytw2/httpz v0.0.0-20220208174147-7f1261d09acf/go.mod h1:OK+XzzpI5Vzp7uj7vjkhQBWIn9KKDNRHjDYHyhR0wGA=
github.com/fortytw2/lounge v0.0.0-20210929174603-b7ce694cb600 h1:KyvTnqj+pFkGOJgurGRbnoIo9cMtLFS5BsFPQXqt0ZM=
github.com/fortytw2/lounge v0.0.0-20210929174603-b7ce694cb600/go.mod h1:UF4a8fQkS6tEHH83nmLd9BXrFRmZmPQAAmogV1irsGU=
